
Microsoft Visual Studio Solution File, Format Version 12.00
# Visual Studio Version 16
VisualStudioVersion = 16.0.30709.132
MinimumVisualStudioVersion = 10.0.40219.1
Project("{9A19103F-16F7-4668-BE54-9A1E7A4F7556}") = "BankOfDotNet.Api", "BankOfDotNet.Api\BankOfDotNet.Api.csproj", "{B56F308F-CE58-4FB3-A2B6-185EA765BA26}"
EndProject
Project("{9A19103F-16F7-4668-BE54-9A1E7A4F7556}") = "BankOfDotNet.IdentityServer", "BankOfDotNet.IdentityServer\BankOfDotNet.IdentityServer.csproj", "{4B8CDBA8-8606-4226-A965-4AE0AE1EEDB9}"
EndProject
Project("{FAE04EC0-301F-11D3-BF4B-00C04F79EFBC}") = "BankOfDotNet.ClientResourcePassword", "BankOfDotNet.ClientResourcePassword\BankOfDotNet.ClientResourcePassword.csproj", "{2A561ED4-FAEC-424F-AFEF-89CA19F4C889}"
EndProject
Global
	GlobalSection(SolutionConfigurationPlatforms) = preSolution
		Debug|Any CPU = Debug|Any CPU
		Release|Any CPU = Release|Any CPU
	EndGlobalSection
	GlobalSection(ProjectConfigurationPlatforms) = postSolution
		{B56F308F-CE58-4FB3-A2B6-185EA765BA26}.Debug|Any CPU.ActiveCfg = Debug|Any CPU
		{B56F308F-CE58-4FB3-A2B6-185EA765BA26}.Debug|Any CPU.Build.0 = Debug|Any CPU
		{B56F308F-CE58-4FB3-A2B6-185EA765BA26}.Release|Any CPU.ActiveCfg = Release|Any CPU
		{B56F308F-CE58-4FB3-A2B6-185EA765BA26}.Release|Any CPU.Build.0 = Release|Any CPU
		{4B8CDBA8-8606-4226-A965-4AE0AE1EEDB9}.Debug|Any CPU.ActiveCfg = Debug|Any CPU
		{4B8CDBA8-8606-4226-A965-4AE0AE1EEDB9}.Debug|Any CPU.Build.0 = Debug|Any CPU
		{4B8CDBA8-8606-4226-A965-4AE0AE1EEDB9}.Release|Any CPU.ActiveCfg = Release|Any CPU
		{4B8CDBA8-8606-4226-A965-4AE0AE1EEDB9}.Release|Any CPU.Build.0 = Release|Any CPU
		{2A561ED4-FAEC-424F-AFEF-89CA19F4C889}.Debug|Any CPU.ActiveCfg = Debug|Any CPU
		{2A561ED4-FAEC-424F-AFEF-89CA19F4C889}.Debug|Any CPU.Build.0 = Debug|Any CPU
		{2A561ED4-FAEC-424F-AFEF-89CA19F4C889}.Release|Any CPU.ActiveCfg = Release|Any CPU
		{2A561ED4-FAEC-424F-AFEF-89CA19F4C889}.Release|Any CPU.Build.0 = Release|Any CPU
	EndGlobalSection
	GlobalSection(SolutionProperties) = preSolution
		HideSolutionNode = FALSE
	EndGlobalSection
	GlobalSection(ExtensibilityGlobals) = postSolution
		SolutionGuid = {239B4129-C8E1-4B21-A3D3-5E30EEFC004A}
	EndGlobalSection
EndGlobal
